Microsoft Visual Studio Solution File, Format Version 8.00
Project("{8BC9CEB8-8B4A-11D0-8D11-00A0C91BC942}") = "common", "..\common\src\common.vcproj", "{FC085153-B553-4A70-97F7-F5AB61C3818D}"
	ProjectSection(ProjectDependencies) = postProject
	EndProjectSection
EndProject
Project("{8BC9CEB8-8B4A-11D0-8D11-00A0C91BC942}") = "histtolut", "render\histtolut\histtolut.vcproj", "{EE00E7D7-6FC2-4034-B3F7-A0A2B177D0DD}"
	ProjectSection(ProjectDependencies) = postProject
	EndProjectSection
EndProject
Project("{8BC9CEB8-8B4A-11D0-8D11-00A0C91BC942}") = "mkbv", "render\mkbv\mkbv.vcproj", "{171EB347-46BA-4F96-9F43-1EBEF6010F38}"
	ProjectSection(ProjectDependencies) = postProject
	EndProjectSection
EndProject
Project("{8BC9CEB8-8B4A-11D0-8D11-00A0C91BC942}") = "mkcube", "render\mkcube\mkcube.vcproj", "{2FC7AE71-B36B-4483-BA02-E8448AC8A859}"
	ProjectSection(ProjectDependencies) = postProject
	EndProjectSection
EndProject
Project("{8BC9CEB8-8B4A-11D0-8D11-00A0C91BC942}") = "mkhuff", "render\mkhuff\mkhuff.vcproj", "{C429C89B-5BAC-45FA-85F1-35D74D1BFFD6}"
	ProjectSection(ProjectDependencies) = postProject
	EndProjectSection
EndProject
Project("{8BC9CEB8-8B4A-11D0-8D11-00A0C91BC942}") = "ppmtolut", "render\ppmtolut\ppmtolut.vcproj", "{66381FE4-7A33-41B4-92AC-085C21856D8F}"
	ProjectSection(ProjectDependencies) = postProject
	EndProjectSection
EndProject
Project("{8BC9CEB8-8B4A-11D0-8D11-00A0C91BC942}") = "tcl2c", "..\tcl-8.0\win\tcl2c\tcl2c.vcproj", "{ACBDCC79-DCD4-4C35-A721-FBF78F094C77}"
	ProjectSection(ProjectDependencies) = postProject
	EndProjectSection
EndProject
Project("{8BC9CEB8-8B4A-11D0-8D11-00A0C91BC942}") = "tcl2cpp", "tcl\tcl2cpp\tcl2cpp.vcproj", "{5FBEC236-1D92-4A9F-A82F-D08C927E329B}"
	ProjectSection(ProjectDependencies) = postProject
	EndProjectSection
EndProject
Project("{8BC9CEB8-8B4A-11D0-8D11-00A0C91BC942}") = "tcllib", "..\tcl-8.0\win\tcllib.vcproj", "{A4D6CE51-CD0E-419C-A9E0-7D92592AC705}"
	ProjectSection(ProjectDependencies) = postProject
		{ACBDCC79-DCD4-4C35-A721-FBF78F094C77} = {ACBDCC79-DCD4-4C35-A721-FBF78F094C77}
	EndProjectSection
EndProject
Project("{8BC9CEB8-8B4A-11D0-8D11-00A0C91BC942}") = "tklib", "..\tk-8.0\win\tklib.vcproj", "{05347214-78FD-46FF-A02E-4E4E13491A5F}"
	ProjectSection(ProjectDependencies) = postProject
		{A4D6CE51-CD0E-419C-A9E0-7D92592AC705} = {A4D6CE51-CD0E-419C-A9E0-7D92592AC705}
	EndProjectSection
EndProject
Project("{8BC9CEB8-8B4A-11D0-8D11-00A0C91BC942}") = "vic", "vic.vcproj", "{2390D5AB-62F3-4ED9-8AF7-0DEAD489F7B0}"
	ProjectSection(ProjectDependencies) = postProject
		{ACBDCC79-DCD4-4C35-A721-FBF78F094C77} = {ACBDCC79-DCD4-4C35-A721-FBF78F094C77}
		{5FBEC236-1D92-4A9F-A82F-D08C927E329B} = {5FBEC236-1D92-4A9F-A82F-D08C927E329B}
		{66381FE4-7A33-41B4-92AC-085C21856D8F} = {66381FE4-7A33-41B4-92AC-085C21856D8F}
		{C429C89B-5BAC-45FA-85F1-35D74D1BFFD6} = {C429C89B-5BAC-45FA-85F1-35D74D1BFFD6}
		{2FC7AE71-B36B-4483-BA02-E8448AC8A859} = {2FC7AE71-B36B-4483-BA02-E8448AC8A859}
		{171EB347-46BA-4F96-9F43-1EBEF6010F38} = {171EB347-46BA-4F96-9F43-1EBEF6010F38}
		{EE00E7D7-6FC2-4034-B3F7-A0A2B177D0DD} = {EE00E7D7-6FC2-4034-B3F7-A0A2B177D0DD}
		{05347214-78FD-46FF-A02E-4E4E13491A5F} = {05347214-78FD-46FF-A02E-4E4E13491A5F}
		{A4D6CE51-CD0E-419C-A9E0-7D92592AC705} = {A4D6CE51-CD0E-419C-A9E0-7D92592AC705}
		{FC085153-B553-4A70-97F7-F5AB61C3818D} = {FC085153-B553-4A70-97F7-F5AB61C3818D}
	EndProjectSection
EndProject
Global
	GlobalSection(SolutionConfiguration) = preSolution
		Debug = Debug
		Debug IPv6 = Debug IPv6
		Debug IPv6 MSR = Debug IPv6 MSR
		Debug IPv6 Musica = Debug IPv6 Musica
		Debug IPv6 Win2000 = Debug IPv6 Win2000
		Release = Release
		Release IPv6 Win2000 = Release IPv6 Win2000
		Release IPv6 XP = Release IPv6 XP
	EndGlobalSection
	GlobalSection(ProjectConfiguration) = postSolution
		{FC085153-B553-4A70-97F7-F5AB61C3818D}.Debug.ActiveCfg = Debug|Win32
		{FC085153-B553-4A70-97F7-F5AB61C3818D}.Debug.Build.0 = Debug|Win32
		{FC085153-B553-4A70-97F7-F5AB61C3818D}.Debug IPv6.ActiveCfg = Debug IPv6 Win2000|Win32
		{FC085153-B553-4A70-97F7-F5AB61C3818D}.Debug IPv6.Build.0 = Debug IPv6 Win2000|Win32
		{FC085153-B553-4A70-97F7-F5AB61C3818D}.Debug IPv6 MSR.ActiveCfg = Debug IPv6 MSR|Win32
		{FC085153-B553-4A70-97F7-F5AB61C3818D}.Debug IPv6 MSR.Build.0 = Debug IPv6 MSR|Win32
		{FC085153-B553-4A70-97F7-F5AB61C3818D}.Debug IPv6 Musica.ActiveCfg = Debug IPv6 Musica|Win32
		{FC085153-B553-4A70-97F7-F5AB61C3818D}.Debug IPv6 Musica.Build.0 = Debug IPv6 Musica|Win32
		{FC085153-B553-4A70-97F7-F5AB61C3818D}.Debug IPv6 Win2000.ActiveCfg = Debug IPv6 Win2000|Win32
		{FC085153-B553-4A70-97F7-F5AB61C3818D}.Debug IPv6 Win2000.Build.0 = Debug IPv6 Win2000|Win32
		{FC085153-B553-4A70-97F7-F5AB61C3818D}.Release.ActiveCfg = Release|Win32
		{FC085153-B553-4A70-97F7-F5AB61C3818D}.Release.Build.0 = Release|Win32
		{FC085153-B553-4A70-97F7-F5AB61C3818D}.Release IPv6 Win2000.ActiveCfg = Release IPv6 Win2000|Win32
		{FC085153-B553-4A70-97F7-F5AB61C3818D}.Release IPv6 Win2000.Build.0 = Release IPv6 Win2000|Win32
		{FC085153-B553-4A70-97F7-F5AB61C3818D}.Release IPv6 XP.ActiveCfg = Release IPv6 XP|Win32
		{FC085153-B553-4A70-97F7-F5AB61C3818D}.Release IPv6 XP.Build.0 = Release IPv6 XP|Win32
		{EE00E7D7-6FC2-4034-B3F7-A0A2B177D0DD}.Debug.ActiveCfg = Debug|Win32
		{EE00E7D7-6FC2-4034-B3F7-A0A2B177D0DD}.Debug.Build.0 = Debug|Win32
		{EE00E7D7-6FC2-4034-B3F7-A0A2B177D0DD}.Debug IPv6.ActiveCfg = Debug|Win32
		{EE00E7D7-6FC2-4034-B3F7-A0A2B177D0DD}.Debug IPv6.Build.0 = Debug|Win32
		{EE00E7D7-6FC2-4034-B3F7-A0A2B177D0DD}.Debug IPv6 MSR.ActiveCfg = Debug|Win32
		{EE00E7D7-6FC2-4034-B3F7-A0A2B177D0DD}.Debug IPv6 MSR.Build.0 = Debug|Win32
		{EE00E7D7-6FC2-4034-B3F7-A0A2B177D0DD}.Debug IPv6 Musica.ActiveCfg = Debug|Win32
		{EE00E7D7-6FC2-4034-B3F7-A0A2B177D0DD}.Debug IPv6 Musica.Build.0 = Debug|Win32
		{EE00E7D7-6FC2-4034-B3F7-A0A2B177D0DD}.Debug IPv6 Win2000.ActiveCfg = Debug|Win32
		{EE00E7D7-6FC2-4034-B3F7-A0A2B177D0DD}.Debug IPv6 Win2000.Build.0 = Debug|Win32
		{EE00E7D7-6FC2-4034-B3F7-A0A2B177D0DD}.Release.ActiveCfg = Release|Win32
		{EE00E7D7-6FC2-4034-B3F7-A0A2B177D0DD}.Release.Build.0 = Release|Win32
		{EE00E7D7-6FC2-4034-B3F7-A0A2B177D0DD}.Release IPv6 Win2000.ActiveCfg = Release|Win32
		{EE00E7D7-6FC2-4034-B3F7-A0A2B177D0DD}.Release IPv6 Win2000.Build.0 = Release|Win32
		{EE00E7D7-6FC2-4034-B3F7-A0A2B177D0DD}.Release IPv6 XP.ActiveCfg = Release|Win32
		{EE00E7D7-6FC2-4034-B3F7-A0A2B177D0DD}.Release IPv6 XP.Build.0 = Release|Win32
		{171EB347-46BA-4F96-9F43-1EBEF6010F38}.Debug.ActiveCfg = Debug|Win32
		{171EB347-46BA-4F96-9F43-1EBEF6010F38}.Debug.Build.0 = Debug|Win32
		{171EB347-46BA-4F96-9F43-1EBEF6010F38}.Debug IPv6.ActiveCfg = Debug|Win32
		{171EB347-46BA-4F96-9F43-1EBEF6010F38}.Debug IPv6.Build.0 = Debug|Win32
		{171EB347-46BA-4F96-9F43-1EBEF6010F38}.Debug IPv6 MSR.ActiveCfg = Debug|Win32
		{171EB347-46BA-4F96-9F43-1EBEF6010F38}.Debug IPv6 MSR.Build.0 = Debug|Win32
		{171EB347-46BA-4F96-9F43-1EBEF6010F38}.Debug IPv6 Musica.ActiveCfg = Debug|Win32
		{171EB347-46BA-4F96-9F43-1EBEF6010F38}.Debug IPv6 Musica.Build.0 = Debug|Win32
		{171EB347-46BA-4F96-9F43-1EBEF6010F38}.Debug IPv6 Win2000.ActiveCfg = Debug|Win32
		{171EB347-46BA-4F96-9F43-1EBEF6010F38}.Debug IPv6 Win2000.Build.0 = Debug|Win32
		{171EB347-46BA-4F96-9F43-1EBEF6010F38}.Release.ActiveCfg = Release|Win32
		{171EB347-46BA-4F96-9F43-1EBEF6010F38}.Release.Build.0 = Release|Win32
		{171EB347-46BA-4F96-9F43-1EBEF6010F38}.Release IPv6 Win2000.ActiveCfg = Release|Win32
		{171EB347-46BA-4F96-9F43-1EBEF6010F38}.Release IPv6 Win2000.Build.0 = Release|Win32
		{171EB347-46BA-4F96-9F43-1EBEF6010F38}.Release IPv6 XP.ActiveCfg = Release|Win32
		{171EB347-46BA-4F96-9F43-1EBEF6010F38}.Release IPv6 XP.Build.0 = Release|Win32
		{2FC7AE71-B36B-4483-BA02-E8448AC8A859}.Debug.ActiveCfg = Debug|Win32
		{2FC7AE71-B36B-4483-BA02-E8448AC8A859}.Debug.Build.0 = Debug|Win32
		{2FC7AE71-B36B-4483-BA02-E8448AC8A859}.Debug IPv6.ActiveCfg = Debug|Win32
		{2FC7AE71-B36B-4483-BA02-E8448AC8A859}.Debug IPv6.Build.0 = Debug|Win32
		{2FC7AE71-B36B-4483-BA02-E8448AC8A859}.Debug IPv6 MSR.ActiveCfg = Debug|Win32
		{2FC7AE71-B36B-4483-BA02-E8448AC8A859}.Debug IPv6 MSR.Build.0 = Debug|Win32
		{2FC7AE71-B36B-4483-BA02-E8448AC8A859}.Debug IPv6 Musica.ActiveCfg = Debug|Win32
		{2FC7AE71-B36B-4483-BA02-E8448AC8A859}.Debug IPv6 Musica.Build.0 = Debug|Win32
		{2FC7AE71-B36B-4483-BA02-E8448AC8A859}.Debug IPv6 Win2000.ActiveCfg = Debug|Win32
		{2FC7AE71-B36B-4483-BA02-E8448AC8A859}.Debug IPv6 Win2000.Build.0 = Debug|Win32
		{2FC7AE71-B36B-4483-BA02-E8448AC8A859}.Release.ActiveCfg = Release|Win32
		{2FC7AE71-B36B-4483-BA02-E8448AC8A859}.Release.Build.0 = Release|Win32
		{2FC7AE71-B36B-4483-BA02-E8448AC8A859}.Release IPv6 Win2000.ActiveCfg = Release|Win32
		{2FC7AE71-B36B-4483-BA02-E8448AC8A859}.Release IPv6 Win2000.Build.0 = Release|Win32
		{2FC7AE71-B36B-4483-BA02-E8448AC8A859}.Release IPv6 XP.ActiveCfg = Release|Win32
		{2FC7AE71-B36B-4483-BA02-E8448AC8A859}.Release IPv6 XP.Build.0 = Release|Win32
		{C429C89B-5BAC-45FA-85F1-35D74D1BFFD6}.Debug.ActiveCfg = Debug|Win32
		{C429C89B-5BAC-45FA-85F1-35D74D1BFFD6}.Debug.Build.0 = Debug|Win32
		{C429C89B-5BAC-45FA-85F1-35D74D1BFFD6}.Debug IPv6.ActiveCfg = Debug|Win32
		{C429C89B-5BAC-45FA-85F1-35D74D1BFFD6}.Debug IPv6.Build.0 = Debug|Win32
		{C429C89B-5BAC-45FA-85F1-35D74D1BFFD6}.Debug IPv6 MSR.ActiveCfg = Debug|Win32
		{C429C89B-5BAC-45FA-85F1-35D74D1BFFD6}.Debug IPv6 MSR.Build.0 = Debug|Win32
		{C429C89B-5BAC-45FA-85F1-35D74D1BFFD6}.Debug IPv6 Musica.ActiveCfg = Debug|Win32
		{C429C89B-5BAC-45FA-85F1-35D74D1BFFD6}.Debug IPv6 Musica.Build.0 = Debug|Win32
		{C429C89B-5BAC-45FA-85F1-35D74D1BFFD6}.Debug IPv6 Win2000.ActiveCfg = Debug|Win32
		{C429C89B-5BAC-45FA-85F1-35D74D1BFFD6}.Debug IPv6 Win2000.Build.0 = Debug|Win32
		{C429C89B-5BAC-45FA-85F1-35D74D1BFFD6}.Release.ActiveCfg = Release|Win32
		{C429C89B-5BAC-45FA-85F1-35D74D1BFFD6}.Release.Build.0 = Release|Win32
		{C429C89B-5BAC-45FA-85F1-35D74D1BFFD6}.Release IPv6 Win2000.ActiveCfg = Release|Win32
		{C429C89B-5BAC-45FA-85F1-35D74D1BFFD6}.Release IPv6 Win2000.Build.0 = Release|Win32
		{C429C89B-5BAC-45FA-85F1-35D74D1BFFD6}.Release IPv6 XP.ActiveCfg = Release|Win32
		{C429C89B-5BAC-45FA-85F1-35D74D1BFFD6}.Release IPv6 XP.Build.0 = Release|Win32
		{66381FE4-7A33-41B4-92AC-085C21856D8F}.Debug.ActiveCfg = Debug|Win32
		{66381FE4-7A33-41B4-92AC-085C21856D8F}.Debug.Build.0 = Debug|Win32
		{66381FE4-7A33-41B4-92AC-085C21856D8F}.Debug IPv6.ActiveCfg = Debug|Win32
		{66381FE4-7A33-41B4-92AC-085C21856D8F}.Debug IPv6.Build.0 = Debug|Win32
		{66381FE4-7A33-41B4-92AC-085C21856D8F}.Debug IPv6 MSR.ActiveCfg = Debug|Win32
		{66381FE4-7A33-41B4-92AC-085C21856D8F}.Debug IPv6 MSR.Build.0 = Debug|Win32
		{66381FE4-7A33-41B4-92AC-085C21856D8F}.Debug IPv6 Musica.ActiveCfg = Debug|Win32
		{66381FE4-7A33-41B4-92AC-085C21856D8F}.Debug IPv6 Musica.Build.0 = Debug|Win32
		{66381FE4-7A33-41B4-92AC-085C21856D8F}.Debug IPv6 Win2000.ActiveCfg = Debug|Win32
		{66381FE4-7A33-41B4-92AC-085C21856D8F}.Debug IPv6 Win2000.Build.0 = Debug|Win32
		{66381FE4-7A33-41B4-92AC-085C21856D8F}.Release.ActiveCfg = Release|Win32
		{66381FE4-7A33-41B4-92AC-085C21856D8F}.Release.Build.0 = Release|Win32
		{66381FE4-7A33-41B4-92AC-085C21856D8F}.Release IPv6 Win2000.ActiveCfg = Release|Win32
		{66381FE4-7A33-41B4-92AC-085C21856D8F}.Release IPv6 Win2000.Build.0 = Release|Win32
		{66381FE4-7A33-41B4-92AC-085C21856D8F}.Release IPv6 XP.ActiveCfg = Release|Win32
		{66381FE4-7A33-41B4-92AC-085C21856D8F}.Release IPv6 XP.Build.0 = Release|Win32
		{ACBDCC79-DCD4-4C35-A721-FBF78F094C77}.Debug.ActiveCfg = Debug|Win32
		{ACBDCC79-DCD4-4C35-A721-FBF78F094C77}.Debug.Build.0 = Debug|Win32
		{ACBDCC79-DCD4-4C35-A721-FBF78F094C77}.Debug IPv6.ActiveCfg = Debug|Win32
		{ACBDCC79-DCD4-4C35-A721-FBF78F094C77}.Debug IPv6.Build.0 = Debug|Win32
		{ACBDCC79-DCD4-4C35-A721-FBF78F094C77}.Debug IPv6 MSR.ActiveCfg = Debug|Win32
		{ACBDCC79-DCD4-4C35-A721-FBF78F094C77}.Debug IPv6 MSR.Build.0 = Debug|Win32
		{ACBDCC79-DCD4-4C35-A721-FBF78F094C77}.Debug IPv6 Musica.ActiveCfg = Debug|Win32
		{ACBDCC79-DCD4-4C35-A721-FBF78F094C77}.Debug IPv6 Musica.Build.0 = Debug|Win32
		{ACBDCC79-DCD4-4C35-A721-FBF78F094C77}.Debug IPv6 Win2000.ActiveCfg = Debug|Win32
		{ACBDCC79-DCD4-4C35-A721-FBF78F094C77}.Debug IPv6 Win2000.Build.0 = Debug|Win32
		{ACBDCC79-DCD4-4C35-A721-FBF78F094C77}.Release.ActiveCfg = Release|Win32
		{ACBDCC79-DCD4-4C35-A721-FBF78F094C77}.Release.Build.0 = Release|Win32
		{ACBDCC79-DCD4-4C35-A721-FBF78F094C77}.Release IPv6 Win2000.ActiveCfg = Release|Win32
		{ACBDCC79-DCD4-4C35-A721-FBF78F094C77}.Release IPv6 Win2000.Build.0 = Release|Win32
		{ACBDCC79-DCD4-4C35-A721-FBF78F094C77}.Release IPv6 XP.ActiveCfg = Release|Win32
		{ACBDCC79-DCD4-4C35-A721-FBF78F094C77}.Release IPv6 XP.Build.0 = Release|Win32
		{5FBEC236-1D92-4A9F-A82F-D08C927E329B}.Debug.ActiveCfg = Debug|Win32
		{5FBEC236-1D92-4A9F-A82F-D08C927E329B}.Debug.Build.0 = Debug|Win32
		{5FBEC236-1D92-4A9F-A82F-D08C927E329B}.Debug IPv6.ActiveCfg = Debug|Win32
		{5FBEC236-1D92-4A9F-A82F-D08C927E329B}.Debug IPv6.Build.0 = Debug|Win32
		{5FBEC236-1D92-4A9F-A82F-D08C927E329B}.Debug IPv6 MSR.ActiveCfg = Debug|Win32
		{5FBEC236-1D92-4A9F-A82F-D08C927E329B}.Debug IPv6 MSR.Build.0 = Debug|Win32
		{5FBEC236-1D92-4A9F-A82F-D08C927E329B}.Debug IPv6 Musica.ActiveCfg = Debug|Win32
		{5FBEC236-1D92-4A9F-A82F-D08C927E329B}.Debug IPv6 Musica.Build.0 = Debug|Win32
		{5FBEC236-1D92-4A9F-A82F-D08C927E329B}.Debug IPv6 Win2000.ActiveCfg = Debug|Win32
		{5FBEC236-1D92-4A9F-A82F-D08C927E329B}.Debug IPv6 Win2000.Build.0 = Debug|Win32
		{5FBEC236-1D92-4A9F-A82F-D08C927E329B}.Release.ActiveCfg = Release|Win32
		{5FBEC236-1D92-4A9F-A82F-D08C927E329B}.Release.Build.0 = Release|Win32
		{5FBEC236-1D92-4A9F-A82F-D08C927E329B}.Release IPv6 Win2000.ActiveCfg = Release|Win32
		{5FBEC236-1D92-4A9F-A82F-D08C927E329B}.Release IPv6 Win2000.Build.0 = Release|Win32
		{5FBEC236-1D92-4A9F-A82F-D08C927E329B}.Release IPv6 XP.ActiveCfg = Release|Win32
		{5FBEC236-1D92-4A9F-A82F-D08C927E329B}.Release IPv6 XP.Build.0 = Release|Win32
		{A4D6CE51-CD0E-419C-A9E0-7D92592AC705}.Debug.ActiveCfg = Debug|Win32
		{A4D6CE51-CD0E-419C-A9E0-7D92592AC705}.Debug.Build.0 = Debug|Win32
		{A4D6CE51-CD0E-419C-A9E0-7D92592AC705}.Debug IPv6.ActiveCfg = Debug IPv6|Win32
		{A4D6CE51-CD0E-419C-A9E0-7D92592AC705}.Debug IPv6.Build.0 = Debug IPv6|Win32
		{A4D6CE51-CD0E-419C-A9E0-7D92592AC705}.Debug IPv6 MSR.ActiveCfg = Debug IPv6|Win32
		{A4D6CE51-CD0E-419C-A9E0-7D92592AC705}.Debug IPv6 MSR.Build.0 = Debug IPv6|Win32
		{A4D6CE51-CD0E-419C-A9E0-7D92592AC705}.Debug IPv6 Musica.ActiveCfg = Debug IPv6|Win32
		{A4D6CE51-CD0E-419C-A9E0-7D92592AC705}.Debug IPv6 Musica.Build.0 = Debug IPv6|Win32
		{A4D6CE51-CD0E-419C-A9E0-7D92592AC705}.Debug IPv6 Win2000.ActiveCfg = Debug IPv6|Win32
		{A4D6CE51-CD0E-419C-A9E0-7D92592AC705}.Debug IPv6 Win2000.Build.0 = Debug IPv6|Win32
		{A4D6CE51-CD0E-419C-A9E0-7D92592AC705}.Release.ActiveCfg = Release|Win32
		{A4D6CE51-CD0E-419C-A9E0-7D92592AC705}.Release.Build.0 = Release|Win32
		{A4D6CE51-CD0E-419C-A9E0-7D92592AC705}.Release IPv6 Win2000.ActiveCfg = Release|Win32
		{A4D6CE51-CD0E-419C-A9E0-7D92592AC705}.Release IPv6 Win2000.Build.0 = Release|Win32
		{A4D6CE51-CD0E-419C-A9E0-7D92592AC705}.Release IPv6 XP.ActiveCfg = Release|Win32
		{A4D6CE51-CD0E-419C-A9E0-7D92592AC705}.Release IPv6 XP.Build.0 = Release|Win32
		{05347214-78FD-46FF-A02E-4E4E13491A5F}.Debug.ActiveCfg = Debug|Win32
		{05347214-78FD-46FF-A02E-4E4E13491A5F}.Debug.Build.0 = Debug|Win32
		{05347214-78FD-46FF-A02E-4E4E13491A5F}.Debug IPv6.ActiveCfg = Debug IPv6|Win32
		{05347214-78FD-46FF-A02E-4E4E13491A5F}.Debug IPv6.Build.0 = Debug IPv6|Win32
		{05347214-78FD-46FF-A02E-4E4E13491A5F}.Debug IPv6 MSR.ActiveCfg = Debug IPv6|Win32
		{05347214-78FD-46FF-A02E-4E4E13491A5F}.Debug IPv6 MSR.Build.0 = Debug IPv6|Win32
		{05347214-78FD-46FF-A02E-4E4E13491A5F}.Debug IPv6 Musica.ActiveCfg = Debug IPv6|Win32
		{05347214-78FD-46FF-A02E-4E4E13491A5F}.Debug IPv6 Musica.Build.0 = Debug IPv6|Win32
		{05347214-78FD-46FF-A02E-4E4E13491A5F}.Debug IPv6 Win2000.ActiveCfg = Debug IPv6|Win32
		{05347214-78FD-46FF-A02E-4E4E13491A5F}.Debug IPv6 Win2000.Build.0 = Debug IPv6|Win32
		{05347214-78FD-46FF-A02E-4E4E13491A5F}.Release.ActiveCfg = Release|Win32
		{05347214-78FD-46FF-A02E-4E4E13491A5F}.Release.Build.0 = Release|Win32
		{05347214-78FD-46FF-A02E-4E4E13491A5F}.Release IPv6 Win2000.ActiveCfg = Release|Win32
		{05347214-78FD-46FF-A02E-4E4E13491A5F}.Release IPv6 Win2000.Build.0 = Release|Win32
		{05347214-78FD-46FF-A02E-4E4E13491A5F}.Release IPv6 XP.ActiveCfg = Release|Win32
		{05347214-78FD-46FF-A02E-4E4E13491A5F}.Release IPv6 XP.Build.0 = Release|Win32
		{2390D5AB-62F3-4ED9-8AF7-0DEAD489F7B0}.Debug.ActiveCfg = Debug|Win32
		{2390D5AB-62F3-4ED9-8AF7-0DEAD489F7B0}.Debug.Build.0 = Debug|Win32
		{2390D5AB-62F3-4ED9-8AF7-0DEAD489F7B0}.Debug IPv6.ActiveCfg = Debug IPv6 MSR|Win32
		{2390D5AB-62F3-4ED9-8AF7-0DEAD489F7B0}.Debug IPv6.Build.0 = Debug IPv6 MSR|Win32
		{2390D5AB-62F3-4ED9-8AF7-0DEAD489F7B0}.Debug IPv6 MSR.ActiveCfg = Debug IPv6 MSR|Win32
		{2390D5AB-62F3-4ED9-8AF7-0DEAD489F7B0}.Debug IPv6 MSR.Build.0 = Debug IPv6 MSR|Win32
		{2390D5AB-62F3-4ED9-8AF7-0DEAD489F7B0}.Debug IPv6 Musica.ActiveCfg = Debug IPv6 Musica|Win32
		{2390D5AB-62F3-4ED9-8AF7-0DEAD489F7B0}.Debug IPv6 Musica.Build.0 = Debug IPv6 Musica|Win32
		{2390D5AB-62F3-4ED9-8AF7-0DEAD489F7B0}.Debug IPv6 Win2000.ActiveCfg = Debug IPv6 Win2000|Win32
		{2390D5AB-62F3-4ED9-8AF7-0DEAD489F7B0}.Debug IPv6 Win2000.Build.0 = Debug IPv6 Win2000|Win32
		{2390D5AB-62F3-4ED9-8AF7-0DEAD489F7B0}.Release.ActiveCfg = Release|Win32
		{2390D5AB-62F3-4ED9-8AF7-0DEAD489F7B0}.Release.Build.0 = Release|Win32
		{2390D5AB-62F3-4ED9-8AF7-0DEAD489F7B0}.Release IPv6 Win2000.ActiveCfg = Release IPv6 Win2000|Win32
		{2390D5AB-62F3-4ED9-8AF7-0DEAD489F7B0}.Release IPv6 Win2000.Build.0 = Release IPv6 Win2000|Win32
		{2390D5AB-62F3-4ED9-8AF7-0DEAD489F7B0}.Release IPv6 XP.ActiveCfg = Release IPv6 XP|Win32
		{2390D5AB-62F3-4ED9-8AF7-0DEAD489F7B0}.Release IPv6 XP.Build.0 = Release IPv6 XP|Win32
	EndGlobalSection
	GlobalSection(ExtensibilityGlobals) = postSolution
	EndGlobalSection
	GlobalSection(ExtensibilityAddIns) = postSolution
	EndGlobalSection
EndGlobal
