Microsoft Visual Studio Solution File, Format Version 10.00
# Visual C++ Express 2008
Project("{8BC9CEB8-8B4A-11D0-8D11-00A0C91BC942}") = "histtolut", "render\histtolut\histtolut.2008.vcproj", "{E97385EE-09AD-414F-93CF-FBEDBF93C21E}"
EndProject
Project("{8BC9CEB8-8B4A-11D0-8D11-00A0C91BC942}") = "mkbv", "render\mkbv\mkbv.2008.vcproj", "{411F54B7-C71F-4E0F-A8C6-EE79F003E628}"
EndProject
Project("{8BC9CEB8-8B4A-11D0-8D11-00A0C91BC942}") = "mkcube", "render\mkcube\mkcube.2008.vcproj", "{75841900-55F8-43A6-A8CF-5B0F2760BD85}"
EndProject
Project("{8BC9CEB8-8B4A-11D0-8D11-00A0C91BC942}") = "mkhuff", "render\mkhuff\mkhuff.2008.vcproj", "{E9B36171-A284-44B4-B4AF-F52DB37EA7FE}"
EndProject
Project("{8BC9CEB8-8B4A-11D0-8D11-00A0C91BC942}") = "ppmtolut", "render\ppmtolut\ppmtolut.2008.vcproj", "{71134B12-D7FF-4E99-9C5D-9455CF8FC26D}"
EndProject
Project("{8BC9CEB8-8B4A-11D0-8D11-00A0C91BC942}") = "tcl2c", "..\tcl-8.0\win\tcl2c\tcl2c.2008.vcproj", "{490809D8-6220-4488-AAD6-9EB49282D55B}"
EndProject
Project("{8BC9CEB8-8B4A-11D0-8D11-00A0C91BC942}") = "tcl2cpp", "tcl\tcl2cpp\tcl2cpp.2008.vcproj", "{2D8B664A-D193-4ED7-BCF8-5E217CE8DBFB}"
EndProject
Project("{8BC9CEB8-8B4A-11D0-8D11-00A0C91BC942}") = "tcllib", "..\tcl-8.0\win\tcllib.2008.vcproj", "{CF5DA3AB-DA40-465E-B33D-662B99A3C34F}"
	ProjectSection(ProjectDependencies) = postProject
		{490809D8-6220-4488-AAD6-9EB49282D55B} = {490809D8-6220-4488-AAD6-9EB49282D55B}
	EndProjectSection
EndProject
Project("{8BC9CEB8-8B4A-11D0-8D11-00A0C91BC942}") = "tklib", "..\tk-8.0\win\tklib.2008.vcproj", "{995D710B-FAFD-44CE-902B-0A988BB521C8}"
	ProjectSection(ProjectDependencies) = postProject
		{CF5DA3AB-DA40-465E-B33D-662B99A3C34F} = {CF5DA3AB-DA40-465E-B33D-662B99A3C34F}
	EndProjectSection
EndProject
Project("{8BC9CEB8-8B4A-11D0-8D11-00A0C91BC942}") = "vic", "vic.2008.vcproj", "{DA6E3C9F-4270-49E5-8706-4E5762BE271B}"
	ProjectSection(ProjectDependencies) = postProject
		{75841900-55F8-43A6-A8CF-5B0F2760BD85} = {75841900-55F8-43A6-A8CF-5B0F2760BD85}
		{995D710B-FAFD-44CE-902B-0A988BB521C8} = {995D710B-FAFD-44CE-902B-0A988BB521C8}
		{71134B12-D7FF-4E99-9C5D-9455CF8FC26D} = {71134B12-D7FF-4E99-9C5D-9455CF8FC26D}
		{2D8B664A-D193-4ED7-BCF8-5E217CE8DBFB} = {2D8B664A-D193-4ED7-BCF8-5E217CE8DBFB}
		{E9B36171-A284-44B4-B4AF-F52DB37EA7FE} = {E9B36171-A284-44B4-B4AF-F52DB37EA7FE}
		{CF5DA3AB-DA40-465E-B33D-662B99A3C34F} = {CF5DA3AB-DA40-465E-B33D-662B99A3C34F}
		{411F54B7-C71F-4E0F-A8C6-EE79F003E628} = {411F54B7-C71F-4E0F-A8C6-EE79F003E628}
		{490809D8-6220-4488-AAD6-9EB49282D55B} = {490809D8-6220-4488-AAD6-9EB49282D55B}
		{E97385EE-09AD-414F-93CF-FBEDBF93C21E} = {E97385EE-09AD-414F-93CF-FBEDBF93C21E}
	EndProjectSection
EndProject
Project("{8BC9CEB8-8B4A-11D0-8D11-00A0C91BC942}") = "common", "..\common\src\common.2008.vcproj", "{F200EA6E-B37E-41E7-A6E6-5892C0609053}"
EndProject
Global
	GlobalSection(SolutionConfigurationPlatforms) = preSolution
		DDraw Debug GPL tcltk84|Win32 = DDraw Debug GPL tcltk84|Win32
		DDraw Debug GPL|Win32 = DDraw Debug GPL|Win32
		DDraw Debug tcltk84|Win32 = DDraw Debug tcltk84|Win32
		DDraw Debug|Win32 = DDraw Debug|Win32
		DDraw Relase GPL tcltk84|Win32 = DDraw Relase GPL tcltk84|Win32
		DDraw Release GPL tcltk84|Win32 = DDraw Release GPL tcltk84|Win32
		DDraw Release GPL|Win32 = DDraw Release GPL|Win32
		DDraw Release tcltk84|Win32 = DDraw Release tcltk84|Win32
		DDraw Release|Win32 = DDraw Release|Win32
		Debug IPv6 MSR|Win32 = Debug IPv6 MSR|Win32
		Debug IPv6 Musica|Win32 = Debug IPv6 Musica|Win32
		Debug IPv6 Win2000|Win32 = Debug IPv6 Win2000|Win32
		Debug IPv6|Win32 = Debug IPv6|Win32
		Debug|Win32 = Debug|Win32
		Release|Win32 = Release|Win32
	EndGlobalSection
	GlobalSection(ProjectConfigurationPlatforms) = postSolution
		{E97385EE-09AD-414F-93CF-FBEDBF93C21E}.DDraw Debug GPL tcltk84|Win32.ActiveCfg = Debug|Win32
		{E97385EE-09AD-414F-93CF-FBEDBF93C21E}.DDraw Debug GPL tcltk84|Win32.Build.0 = Debug|Win32
		{E97385EE-09AD-414F-93CF-FBEDBF93C21E}.DDraw Debug GPL|Win32.ActiveCfg = Debug|Win32
		{E97385EE-09AD-414F-93CF-FBEDBF93C21E}.DDraw Debug GPL|Win32.Build.0 = Debug|Win32
		{E97385EE-09AD-414F-93CF-FBEDBF93C21E}.DDraw Debug tcltk84|Win32.ActiveCfg = Debug|Win32
		{E97385EE-09AD-414F-93CF-FBEDBF93C21E}.DDraw Debug tcltk84|Win32.Build.0 = Debug|Win32
		{E97385EE-09AD-414F-93CF-FBEDBF93C21E}.DDraw Debug|Win32.ActiveCfg = Debug|Win32
		{E97385EE-09AD-414F-93CF-FBEDBF93C21E}.DDraw Debug|Win32.Build.0 = Debug|Win32
		{E97385EE-09AD-414F-93CF-FBEDBF93C21E}.DDraw Relase GPL tcltk84|Win32.ActiveCfg = DDraw Relase GPL tcltk84|Win32
		{E97385EE-09AD-414F-93CF-FBEDBF93C21E}.DDraw Relase GPL tcltk84|Win32.Build.0 = DDraw Relase GPL tcltk84|Win32
		{E97385EE-09AD-414F-93CF-FBEDBF93C21E}.DDraw Release GPL tcltk84|Win32.ActiveCfg = Release|Win32
		{E97385EE-09AD-414F-93CF-FBEDBF93C21E}.DDraw Release GPL tcltk84|Win32.Build.0 = Release|Win32
		{E97385EE-09AD-414F-93CF-FBEDBF93C21E}.DDraw Release GPL|Win32.ActiveCfg = Release|Win32
		{E97385EE-09AD-414F-93CF-FBEDBF93C21E}.DDraw Release GPL|Win32.Build.0 = Release|Win32
		{E97385EE-09AD-414F-93CF-FBEDBF93C21E}.DDraw Release tcltk84|Win32.ActiveCfg = Release|Win32
		{E97385EE-09AD-414F-93CF-FBEDBF93C21E}.DDraw Release tcltk84|Win32.Build.0 = Release|Win32
		{E97385EE-09AD-414F-93CF-FBEDBF93C21E}.DDraw Release|Win32.ActiveCfg = Release|Win32
		{E97385EE-09AD-414F-93CF-FBEDBF93C21E}.DDraw Release|Win32.Build.0 = Release|Win32
		{E97385EE-09AD-414F-93CF-FBEDBF93C21E}.Debug IPv6 MSR|Win32.ActiveCfg = Debug|Win32
		{E97385EE-09AD-414F-93CF-FBEDBF93C21E}.Debug IPv6 MSR|Win32.Build.0 = Debug|Win32
		{E97385EE-09AD-414F-93CF-FBEDBF93C21E}.Debug IPv6 Musica|Win32.ActiveCfg = Debug|Win32
		{E97385EE-09AD-414F-93CF-FBEDBF93C21E}.Debug IPv6 Musica|Win32.Build.0 = Debug|Win32
		{E97385EE-09AD-414F-93CF-FBEDBF93C21E}.Debug IPv6 Win2000|Win32.ActiveCfg = Debug|Win32
		{E97385EE-09AD-414F-93CF-FBEDBF93C21E}.Debug IPv6 Win2000|Win32.Build.0 = Debug|Win32
		{E97385EE-09AD-414F-93CF-FBEDBF93C21E}.Debug IPv6|Win32.ActiveCfg = Debug|Win32
		{E97385EE-09AD-414F-93CF-FBEDBF93C21E}.Debug IPv6|Win32.Build.0 = Debug|Win32
		{E97385EE-09AD-414F-93CF-FBEDBF93C21E}.Debug|Win32.ActiveCfg = Debug|Win32
		{E97385EE-09AD-414F-93CF-FBEDBF93C21E}.Debug|Win32.Build.0 = Debug|Win32
		{E97385EE-09AD-414F-93CF-FBEDBF93C21E}.Release|Win32.ActiveCfg = Release|Win32
		{E97385EE-09AD-414F-93CF-FBEDBF93C21E}.Release|Win32.Build.0 = Release|Win32
		{411F54B7-C71F-4E0F-A8C6-EE79F003E628}.DDraw Debug GPL tcltk84|Win32.ActiveCfg = Debug|Win32
		{411F54B7-C71F-4E0F-A8C6-EE79F003E628}.DDraw Debug GPL tcltk84|Win32.Build.0 = Debug|Win32
		{411F54B7-C71F-4E0F-A8C6-EE79F003E628}.DDraw Debug GPL|Win32.ActiveCfg = Debug|Win32
		{411F54B7-C71F-4E0F-A8C6-EE79F003E628}.DDraw Debug GPL|Win32.Build.0 = Debug|Win32
		{411F54B7-C71F-4E0F-A8C6-EE79F003E628}.DDraw Debug tcltk84|Win32.ActiveCfg = Debug|Win32
		{411F54B7-C71F-4E0F-A8C6-EE79F003E628}.DDraw Debug tcltk84|Win32.Build.0 = Debug|Win32
		{411F54B7-C71F-4E0F-A8C6-EE79F003E628}.DDraw Debug|Win32.ActiveCfg = Debug|Win32
		{411F54B7-C71F-4E0F-A8C6-EE79F003E628}.DDraw Debug|Win32.Build.0 = Debug|Win32
		{411F54B7-C71F-4E0F-A8C6-EE79F003E628}.DDraw Relase GPL tcltk84|Win32.ActiveCfg = DDraw Relase GPL tcltk84|Win32
		{411F54B7-C71F-4E0F-A8C6-EE79F003E628}.DDraw Relase GPL tcltk84|Win32.Build.0 = DDraw Relase GPL tcltk84|Win32
		{411F54B7-C71F-4E0F-A8C6-EE79F003E628}.DDraw Release GPL tcltk84|Win32.ActiveCfg = Release|Win32
		{411F54B7-C71F-4E0F-A8C6-EE79F003E628}.DDraw Release GPL tcltk84|Win32.Build.0 = Release|Win32
		{411F54B7-C71F-4E0F-A8C6-EE79F003E628}.DDraw Release GPL|Win32.ActiveCfg = Release|Win32
		{411F54B7-C71F-4E0F-A8C6-EE79F003E628}.DDraw Release GPL|Win32.Build.0 = Release|Win32
		{411F54B7-C71F-4E0F-A8C6-EE79F003E628}.DDraw Release tcltk84|Win32.ActiveCfg = Release|Win32
		{411F54B7-C71F-4E0F-A8C6-EE79F003E628}.DDraw Release tcltk84|Win32.Build.0 = Release|Win32
		{411F54B7-C71F-4E0F-A8C6-EE79F003E628}.DDraw Release|Win32.ActiveCfg = Release|Win32
		{411F54B7-C71F-4E0F-A8C6-EE79F003E628}.DDraw Release|Win32.Build.0 = Release|Win32
		{411F54B7-C71F-4E0F-A8C6-EE79F003E628}.Debug IPv6 MSR|Win32.ActiveCfg = Debug|Win32
		{411F54B7-C71F-4E0F-A8C6-EE79F003E628}.Debug IPv6 MSR|Win32.Build.0 = Debug|Win32
		{411F54B7-C71F-4E0F-A8C6-EE79F003E628}.Debug IPv6 Musica|Win32.ActiveCfg = Debug|Win32
		{411F54B7-C71F-4E0F-A8C6-EE79F003E628}.Debug IPv6 Musica|Win32.Build.0 = Debug|Win32
		{411F54B7-C71F-4E0F-A8C6-EE79F003E628}.Debug IPv6 Win2000|Win32.ActiveCfg = Debug|Win32
		{411F54B7-C71F-4E0F-A8C6-EE79F003E628}.Debug IPv6 Win2000|Win32.Build.0 = Debug|Win32
		{411F54B7-C71F-4E0F-A8C6-EE79F003E628}.Debug IPv6|Win32.ActiveCfg = Debug|Win32
		{411F54B7-C71F-4E0F-A8C6-EE79F003E628}.Debug IPv6|Win32.Build.0 = Debug|Win32
		{411F54B7-C71F-4E0F-A8C6-EE79F003E628}.Debug|Win32.ActiveCfg = Debug|Win32
		{411F54B7-C71F-4E0F-A8C6-EE79F003E628}.Debug|Win32.Build.0 = Debug|Win32
		{411F54B7-C71F-4E0F-A8C6-EE79F003E628}.Release|Win32.ActiveCfg = Release|Win32
		{411F54B7-C71F-4E0F-A8C6-EE79F003E628}.Release|Win32.Build.0 = Release|Win32
		{75841900-55F8-43A6-A8CF-5B0F2760BD85}.DDraw Debug GPL tcltk84|Win32.ActiveCfg = Debug|Win32
		{75841900-55F8-43A6-A8CF-5B0F2760BD85}.DDraw Debug GPL tcltk84|Win32.Build.0 = Debug|Win32
		{75841900-55F8-43A6-A8CF-5B0F2760BD85}.DDraw Debug GPL|Win32.ActiveCfg = Debug|Win32
		{75841900-55F8-43A6-A8CF-5B0F2760BD85}.DDraw Debug GPL|Win32.Build.0 = Debug|Win32
		{75841900-55F8-43A6-A8CF-5B0F2760BD85}.DDraw Debug tcltk84|Win32.ActiveCfg = Debug|Win32
		{75841900-55F8-43A6-A8CF-5B0F2760BD85}.DDraw Debug tcltk84|Win32.Build.0 = Debug|Win32
		{75841900-55F8-43A6-A8CF-5B0F2760BD85}.DDraw Debug|Win32.ActiveCfg = Debug|Win32
		{75841900-55F8-43A6-A8CF-5B0F2760BD85}.DDraw Debug|Win32.Build.0 = Debug|Win32
		{75841900-55F8-43A6-A8CF-5B0F2760BD85}.DDraw Relase GPL tcltk84|Win32.ActiveCfg = DDraw Relase GPL tcltk84|Win32
		{75841900-55F8-43A6-A8CF-5B0F2760BD85}.DDraw Relase GPL tcltk84|Win32.Build.0 = DDraw Relase GPL tcltk84|Win32
		{75841900-55F8-43A6-A8CF-5B0F2760BD85}.DDraw Release GPL tcltk84|Win32.ActiveCfg = Release|Win32
		{75841900-55F8-43A6-A8CF-5B0F2760BD85}.DDraw Release GPL tcltk84|Win32.Build.0 = Release|Win32
		{75841900-55F8-43A6-A8CF-5B0F2760BD85}.DDraw Release GPL|Win32.ActiveCfg = Release|Win32
		{75841900-55F8-43A6-A8CF-5B0F2760BD85}.DDraw Release GPL|Win32.Build.0 = Release|Win32
		{75841900-55F8-43A6-A8CF-5B0F2760BD85}.DDraw Release tcltk84|Win32.ActiveCfg = Release|Win32
		{75841900-55F8-43A6-A8CF-5B0F2760BD85}.DDraw Release tcltk84|Win32.Build.0 = Release|Win32
		{75841900-55F8-43A6-A8CF-5B0F2760BD85}.DDraw Release|Win32.ActiveCfg = Release|Win32
		{75841900-55F8-43A6-A8CF-5B0F2760BD85}.DDraw Release|Win32.Build.0 = Release|Win32
		{75841900-55F8-43A6-A8CF-5B0F2760BD85}.Debug IPv6 MSR|Win32.ActiveCfg = Debug|Win32
		{75841900-55F8-43A6-A8CF-5B0F2760BD85}.Debug IPv6 MSR|Win32.Build.0 = Debug|Win32
		{75841900-55F8-43A6-A8CF-5B0F2760BD85}.Debug IPv6 Musica|Win32.ActiveCfg = Debug|Win32
		{75841900-55F8-43A6-A8CF-5B0F2760BD85}.Debug IPv6 Musica|Win32.Build.0 = Debug|Win32
		{75841900-55F8-43A6-A8CF-5B0F2760BD85}.Debug IPv6 Win2000|Win32.ActiveCfg = Debug|Win32
		{75841900-55F8-43A6-A8CF-5B0F2760BD85}.Debug IPv6 Win2000|Win32.Build.0 = Debug|Win32
		{75841900-55F8-43A6-A8CF-5B0F2760BD85}.Debug IPv6|Win32.ActiveCfg = Debug|Win32
		{75841900-55F8-43A6-A8CF-5B0F2760BD85}.Debug IPv6|Win32.Build.0 = Debug|Win32
		{75841900-55F8-43A6-A8CF-5B0F2760BD85}.Debug|Win32.ActiveCfg = Debug|Win32
		{75841900-55F8-43A6-A8CF-5B0F2760BD85}.Debug|Win32.Build.0 = Debug|Win32
		{75841900-55F8-43A6-A8CF-5B0F2760BD85}.Release|Win32.ActiveCfg = Release|Win32
		{75841900-55F8-43A6-A8CF-5B0F2760BD85}.Release|Win32.Build.0 = Release|Win32
		{E9B36171-A284-44B4-B4AF-F52DB37EA7FE}.DDraw Debug GPL tcltk84|Win32.ActiveCfg = Debug|Win32
		{E9B36171-A284-44B4-B4AF-F52DB37EA7FE}.DDraw Debug GPL tcltk84|Win32.Build.0 = Debug|Win32
		{E9B36171-A284-44B4-B4AF-F52DB37EA7FE}.DDraw Debug GPL|Win32.ActiveCfg = Debug|Win32
		{E9B36171-A284-44B4-B4AF-F52DB37EA7FE}.DDraw Debug GPL|Win32.Build.0 = Debug|Win32
		{E9B36171-A284-44B4-B4AF-F52DB37EA7FE}.DDraw Debug tcltk84|Win32.ActiveCfg = Debug|Win32
		{E9B36171-A284-44B4-B4AF-F52DB37EA7FE}.DDraw Debug tcltk84|Win32.Build.0 = Debug|Win32
		{E9B36171-A284-44B4-B4AF-F52DB37EA7FE}.DDraw Debug|Win32.ActiveCfg = Debug|Win32
		{E9B36171-A284-44B4-B4AF-F52DB37EA7FE}.DDraw Debug|Win32.Build.0 = Debug|Win32
		{E9B36171-A284-44B4-B4AF-F52DB37EA7FE}.DDraw Relase GPL tcltk84|Win32.ActiveCfg = DDraw Relase GPL tcltk84|Win32
		{E9B36171-A284-44B4-B4AF-F52DB37EA7FE}.DDraw Relase GPL tcltk84|Win32.Build.0 = DDraw Relase GPL tcltk84|Win32
		{E9B36171-A284-44B4-B4AF-F52DB37EA7FE}.DDraw Release GPL tcltk84|Win32.ActiveCfg = Release|Win32
		{E9B36171-A284-44B4-B4AF-F52DB37EA7FE}.DDraw Release GPL tcltk84|Win32.Build.0 = Release|Win32
		{E9B36171-A284-44B4-B4AF-F52DB37EA7FE}.DDraw Release GPL|Win32.ActiveCfg = Release|Win32
		{E9B36171-A284-44B4-B4AF-F52DB37EA7FE}.DDraw Release GPL|Win32.Build.0 = Release|Win32
		{E9B36171-A284-44B4-B4AF-F52DB37EA7FE}.DDraw Release tcltk84|Win32.ActiveCfg = Release|Win32
		{E9B36171-A284-44B4-B4AF-F52DB37EA7FE}.DDraw Release tcltk84|Win32.Build.0 = Release|Win32
		{E9B36171-A284-44B4-B4AF-F52DB37EA7FE}.DDraw Release|Win32.ActiveCfg = Release|Win32
		{E9B36171-A284-44B4-B4AF-F52DB37EA7FE}.DDraw Release|Win32.Build.0 = Release|Win32
		{E9B36171-A284-44B4-B4AF-F52DB37EA7FE}.Debug IPv6 MSR|Win32.ActiveCfg = Debug|Win32
		{E9B36171-A284-44B4-B4AF-F52DB37EA7FE}.Debug IPv6 MSR|Win32.Build.0 = Debug|Win32
		{E9B36171-A284-44B4-B4AF-F52DB37EA7FE}.Debug IPv6 Musica|Win32.ActiveCfg = Debug|Win32
		{E9B36171-A284-44B4-B4AF-F52DB37EA7FE}.Debug IPv6 Musica|Win32.Build.0 = Debug|Win32
		{E9B36171-A284-44B4-B4AF-F52DB37EA7FE}.Debug IPv6 Win2000|Win32.ActiveCfg = Debug|Win32
		{E9B36171-A284-44B4-B4AF-F52DB37EA7FE}.Debug IPv6 Win2000|Win32.Build.0 = Debug|Win32
		{E9B36171-A284-44B4-B4AF-F52DB37EA7FE}.Debug IPv6|Win32.ActiveCfg = Debug|Win32
		{E9B36171-A284-44B4-B4AF-F52DB37EA7FE}.Debug IPv6|Win32.Build.0 = Debug|Win32
		{E9B36171-A284-44B4-B4AF-F52DB37EA7FE}.Debug|Win32.ActiveCfg = Debug|Win32
		{E9B36171-A284-44B4-B4AF-F52DB37EA7FE}.Debug|Win32.Build.0 = Debug|Win32
		{E9B36171-A284-44B4-B4AF-F52DB37EA7FE}.Release|Win32.ActiveCfg = Release|Win32
		{E9B36171-A284-44B4-B4AF-F52DB37EA7FE}.Release|Win32.Build.0 = Release|Win32
		{71134B12-D7FF-4E99-9C5D-9455CF8FC26D}.DDraw Debug GPL tcltk84|Win32.ActiveCfg = Debug|Win32
		{71134B12-D7FF-4E99-9C5D-9455CF8FC26D}.DDraw Debug GPL tcltk84|Win32.Build.0 = Debug|Win32
		{71134B12-D7FF-4E99-9C5D-9455CF8FC26D}.DDraw Debug GPL|Win32.ActiveCfg = Debug|Win32
		{71134B12-D7FF-4E99-9C5D-9455CF8FC26D}.DDraw Debug GPL|Win32.Build.0 = Debug|Win32
		{71134B12-D7FF-4E99-9C5D-9455CF8FC26D}.DDraw Debug tcltk84|Win32.ActiveCfg = Debug|Win32
		{71134B12-D7FF-4E99-9C5D-9455CF8FC26D}.DDraw Debug tcltk84|Win32.Build.0 = Debug|Win32
		{71134B12-D7FF-4E99-9C5D-9455CF8FC26D}.DDraw Debug|Win32.ActiveCfg = Debug|Win32
		{71134B12-D7FF-4E99-9C5D-9455CF8FC26D}.DDraw Debug|Win32.Build.0 = Debug|Win32
		{71134B12-D7FF-4E99-9C5D-9455CF8FC26D}.DDraw Relase GPL tcltk84|Win32.ActiveCfg = DDraw Relase GPL tcltk84|Win32
		{71134B12-D7FF-4E99-9C5D-9455CF8FC26D}.DDraw Relase GPL tcltk84|Win32.Build.0 = DDraw Relase GPL tcltk84|Win32
		{71134B12-D7FF-4E99-9C5D-9455CF8FC26D}.DDraw Release GPL tcltk84|Win32.ActiveCfg = Release|Win32
		{71134B12-D7FF-4E99-9C5D-9455CF8FC26D}.DDraw Release GPL tcltk84|Win32.Build.0 = Release|Win32
		{71134B12-D7FF-4E99-9C5D-9455CF8FC26D}.DDraw Release GPL|Win32.ActiveCfg = Release|Win32
		{71134B12-D7FF-4E99-9C5D-9455CF8FC26D}.DDraw Release GPL|Win32.Build.0 = Release|Win32
		{71134B12-D7FF-4E99-9C5D-9455CF8FC26D}.DDraw Release tcltk84|Win32.ActiveCfg = Release|Win32
		{71134B12-D7FF-4E99-9C5D-9455CF8FC26D}.DDraw Release tcltk84|Win32.Build.0 = Release|Win32
		{71134B12-D7FF-4E99-9C5D-9455CF8FC26D}.DDraw Release|Win32.ActiveCfg = Release|Win32
		{71134B12-D7FF-4E99-9C5D-9455CF8FC26D}.DDraw Release|Win32.Build.0 = Release|Win32
		{71134B12-D7FF-4E99-9C5D-9455CF8FC26D}.Debug IPv6 MSR|Win32.ActiveCfg = Debug|Win32
		{71134B12-D7FF-4E99-9C5D-9455CF8FC26D}.Debug IPv6 MSR|Win32.Build.0 = Debug|Win32
		{71134B12-D7FF-4E99-9C5D-9455CF8FC26D}.Debug IPv6 Musica|Win32.ActiveCfg = Debug|Win32
		{71134B12-D7FF-4E99-9C5D-9455CF8FC26D}.Debug IPv6 Musica|Win32.Build.0 = Debug|Win32
		{71134B12-D7FF-4E99-9C5D-9455CF8FC26D}.Debug IPv6 Win2000|Win32.ActiveCfg = Debug|Win32
		{71134B12-D7FF-4E99-9C5D-9455CF8FC26D}.Debug IPv6 Win2000|Win32.Build.0 = Debug|Win32
		{71134B12-D7FF-4E99-9C5D-9455CF8FC26D}.Debug IPv6|Win32.ActiveCfg = Debug|Win32
		{71134B12-D7FF-4E99-9C5D-9455CF8FC26D}.Debug IPv6|Win32.Build.0 = Debug|Win32
		{71134B12-D7FF-4E99-9C5D-9455CF8FC26D}.Debug|Win32.ActiveCfg = Debug|Win32
		{71134B12-D7FF-4E99-9C5D-9455CF8FC26D}.Debug|Win32.Build.0 = Debug|Win32
		{71134B12-D7FF-4E99-9C5D-9455CF8FC26D}.Release|Win32.ActiveCfg = Release|Win32
		{71134B12-D7FF-4E99-9C5D-9455CF8FC26D}.Release|Win32.Build.0 = Release|Win32
		{490809D8-6220-4488-AAD6-9EB49282D55B}.DDraw Debug GPL tcltk84|Win32.ActiveCfg = Debug|Win32
		{490809D8-6220-4488-AAD6-9EB49282D55B}.DDraw Debug GPL tcltk84|Win32.Build.0 = Debug|Win32
		{490809D8-6220-4488-AAD6-9EB49282D55B}.DDraw Debug GPL|Win32.ActiveCfg = Debug|Win32
		{490809D8-6220-4488-AAD6-9EB49282D55B}.DDraw Debug GPL|Win32.Build.0 = Debug|Win32
		{490809D8-6220-4488-AAD6-9EB49282D55B}.DDraw Debug tcltk84|Win32.ActiveCfg = Debug|Win32
		{490809D8-6220-4488-AAD6-9EB49282D55B}.DDraw Debug tcltk84|Win32.Build.0 = Debug|Win32
		{490809D8-6220-4488-AAD6-9EB49282D55B}.DDraw Debug|Win32.ActiveCfg = Debug|Win32
		{490809D8-6220-4488-AAD6-9EB49282D55B}.DDraw Debug|Win32.Build.0 = Debug|Win32
		{490809D8-6220-4488-AAD6-9EB49282D55B}.DDraw Relase GPL tcltk84|Win32.ActiveCfg = DDraw Relase GPL tcltk84|Win32
		{490809D8-6220-4488-AAD6-9EB49282D55B}.DDraw Relase GPL tcltk84|Win32.Build.0 = DDraw Relase GPL tcltk84|Win32
		{490809D8-6220-4488-AAD6-9EB49282D55B}.DDraw Release GPL tcltk84|Win32.ActiveCfg = Release|Win32
		{490809D8-6220-4488-AAD6-9EB49282D55B}.DDraw Release GPL tcltk84|Win32.Build.0 = Release|Win32
		{490809D8-6220-4488-AAD6-9EB49282D55B}.DDraw Release GPL|Win32.ActiveCfg = Release|Win32
		{490809D8-6220-4488-AAD6-9EB49282D55B}.DDraw Release GPL|Win32.Build.0 = Release|Win32
		{490809D8-6220-4488-AAD6-9EB49282D55B}.DDraw Release tcltk84|Win32.ActiveCfg = Release|Win32
		{490809D8-6220-4488-AAD6-9EB49282D55B}.DDraw Release tcltk84|Win32.Build.0 = Release|Win32
		{490809D8-6220-4488-AAD6-9EB49282D55B}.DDraw Release|Win32.ActiveCfg = Release|Win32
		{490809D8-6220-4488-AAD6-9EB49282D55B}.DDraw Release|Win32.Build.0 = Release|Win32
		{490809D8-6220-4488-AAD6-9EB49282D55B}.Debug IPv6 MSR|Win32.ActiveCfg = Debug|Win32
		{490809D8-6220-4488-AAD6-9EB49282D55B}.Debug IPv6 MSR|Win32.Build.0 = Debug|Win32
		{490809D8-6220-4488-AAD6-9EB49282D55B}.Debug IPv6 Musica|Win32.ActiveCfg = Debug|Win32
		{490809D8-6220-4488-AAD6-9EB49282D55B}.Debug IPv6 Musica|Win32.Build.0 = Debug|Win32
		{490809D8-6220-4488-AAD6-9EB49282D55B}.Debug IPv6 Win2000|Win32.ActiveCfg = Debug|Win32
		{490809D8-6220-4488-AAD6-9EB49282D55B}.Debug IPv6 Win2000|Win32.Build.0 = Debug|Win32
		{490809D8-6220-4488-AAD6-9EB49282D55B}.Debug IPv6|Win32.ActiveCfg = Debug|Win32
		{490809D8-6220-4488-AAD6-9EB49282D55B}.Debug IPv6|Win32.Build.0 = Debug|Win32
		{490809D8-6220-4488-AAD6-9EB49282D55B}.Debug|Win32.ActiveCfg = Debug|Win32
		{490809D8-6220-4488-AAD6-9EB49282D55B}.Debug|Win32.Build.0 = Debug|Win32
		{490809D8-6220-4488-AAD6-9EB49282D55B}.Release|Win32.ActiveCfg = Release|Win32
		{490809D8-6220-4488-AAD6-9EB49282D55B}.Release|Win32.Build.0 = Release|Win32
		{2D8B664A-D193-4ED7-BCF8-5E217CE8DBFB}.DDraw Debug GPL tcltk84|Win32.ActiveCfg = Debug|Win32
		{2D8B664A-D193-4ED7-BCF8-5E217CE8DBFB}.DDraw Debug GPL tcltk84|Win32.Build.0 = Debug|Win32
		{2D8B664A-D193-4ED7-BCF8-5E217CE8DBFB}.DDraw Debug GPL|Win32.ActiveCfg = Debug|Win32
		{2D8B664A-D193-4ED7-BCF8-5E217CE8DBFB}.DDraw Debug GPL|Win32.Build.0 = Debug|Win32
		{2D8B664A-D193-4ED7-BCF8-5E217CE8DBFB}.DDraw Debug tcltk84|Win32.ActiveCfg = Debug|Win32
		{2D8B664A-D193-4ED7-BCF8-5E217CE8DBFB}.DDraw Debug tcltk84|Win32.Build.0 = Debug|Win32
		{2D8B664A-D193-4ED7-BCF8-5E217CE8DBFB}.DDraw Debug|Win32.ActiveCfg = Debug|Win32
		{2D8B664A-D193-4ED7-BCF8-5E217CE8DBFB}.DDraw Debug|Win32.Build.0 = Debug|Win32
		{2D8B664A-D193-4ED7-BCF8-5E217CE8DBFB}.DDraw Relase GPL tcltk84|Win32.ActiveCfg = DDraw Relase GPL tcltk84|Win32
		{2D8B664A-D193-4ED7-BCF8-5E217CE8DBFB}.DDraw Relase GPL tcltk84|Win32.Build.0 = DDraw Relase GPL tcltk84|Win32
		{2D8B664A-D193-4ED7-BCF8-5E217CE8DBFB}.DDraw Release GPL tcltk84|Win32.ActiveCfg = Release|Win32
		{2D8B664A-D193-4ED7-BCF8-5E217CE8DBFB}.DDraw Release GPL tcltk84|Win32.Build.0 = Release|Win32
		{2D8B664A-D193-4ED7-BCF8-5E217CE8DBFB}.DDraw Release GPL|Win32.ActiveCfg = Release|Win32
		{2D8B664A-D193-4ED7-BCF8-5E217CE8DBFB}.DDraw Release GPL|Win32.Build.0 = Release|Win32
		{2D8B664A-D193-4ED7-BCF8-5E217CE8DBFB}.DDraw Release tcltk84|Win32.ActiveCfg = Release|Win32
		{2D8B664A-D193-4ED7-BCF8-5E217CE8DBFB}.DDraw Release tcltk84|Win32.Build.0 = Release|Win32
		{2D8B664A-D193-4ED7-BCF8-5E217CE8DBFB}.DDraw Release|Win32.ActiveCfg = Release|Win32
		{2D8B664A-D193-4ED7-BCF8-5E217CE8DBFB}.DDraw Release|Win32.Build.0 = Release|Win32
		{2D8B664A-D193-4ED7-BCF8-5E217CE8DBFB}.Debug IPv6 MSR|Win32.ActiveCfg = Debug|Win32
		{2D8B664A-D193-4ED7-BCF8-5E217CE8DBFB}.Debug IPv6 MSR|Win32.Build.0 = Debug|Win32
		{2D8B664A-D193-4ED7-BCF8-5E217CE8DBFB}.Debug IPv6 Musica|Win32.ActiveCfg = Debug|Win32
		{2D8B664A-D193-4ED7-BCF8-5E217CE8DBFB}.Debug IPv6 Musica|Win32.Build.0 = Debug|Win32
		{2D8B664A-D193-4ED7-BCF8-5E217CE8DBFB}.Debug IPv6 Win2000|Win32.ActiveCfg = Debug|Win32
		{2D8B664A-D193-4ED7-BCF8-5E217CE8DBFB}.Debug IPv6 Win2000|Win32.Build.0 = Debug|Win32
		{2D8B664A-D193-4ED7-BCF8-5E217CE8DBFB}.Debug IPv6|Win32.ActiveCfg = Debug|Win32
		{2D8B664A-D193-4ED7-BCF8-5E217CE8DBFB}.Debug IPv6|Win32.Build.0 = Debug|Win32
		{2D8B664A-D193-4ED7-BCF8-5E217CE8DBFB}.Debug|Win32.ActiveCfg = Debug|Win32
		{2D8B664A-D193-4ED7-BCF8-5E217CE8DBFB}.Debug|Win32.Build.0 = Debug|Win32
		{2D8B664A-D193-4ED7-BCF8-5E217CE8DBFB}.Release|Win32.ActiveCfg = Release|Win32
		{2D8B664A-D193-4ED7-BCF8-5E217CE8DBFB}.Release|Win32.Build.0 = Release|Win32
		{CF5DA3AB-DA40-465E-B33D-662B99A3C34F}.DDraw Debug GPL tcltk84|Win32.ActiveCfg = Debug|Win32
		{CF5DA3AB-DA40-465E-B33D-662B99A3C34F}.DDraw Debug GPL|Win32.ActiveCfg = Debug|Win32
		{CF5DA3AB-DA40-465E-B33D-662B99A3C34F}.DDraw Debug GPL|Win32.Build.0 = Debug|Win32
		{CF5DA3AB-DA40-465E-B33D-662B99A3C34F}.DDraw Debug tcltk84|Win32.ActiveCfg = Debug|Win32
		{CF5DA3AB-DA40-465E-B33D-662B99A3C34F}.DDraw Debug|Win32.ActiveCfg = Release|Win32
		{CF5DA3AB-DA40-465E-B33D-662B99A3C34F}.DDraw Debug|Win32.Build.0 = Release|Win32
		{CF5DA3AB-DA40-465E-B33D-662B99A3C34F}.DDraw Relase GPL tcltk84|Win32.ActiveCfg = DDraw Relase GPL tcltk84|Win32
		{CF5DA3AB-DA40-465E-B33D-662B99A3C34F}.DDraw Relase GPL tcltk84|Win32.Build.0 = DDraw Relase GPL tcltk84|Win32
		{CF5DA3AB-DA40-465E-B33D-662B99A3C34F}.DDraw Release GPL tcltk84|Win32.ActiveCfg = Release|Win32
		{CF5DA3AB-DA40-465E-B33D-662B99A3C34F}.DDraw Release GPL|Win32.ActiveCfg = Release|Win32
		{CF5DA3AB-DA40-465E-B33D-662B99A3C34F}.DDraw Release GPL|Win32.Build.0 = Release|Win32
		{CF5DA3AB-DA40-465E-B33D-662B99A3C34F}.DDraw Release tcltk84|Win32.ActiveCfg = Release|Win32
		{CF5DA3AB-DA40-465E-B33D-662B99A3C34F}.DDraw Release|Win32.ActiveCfg = Release|Win32
		{CF5DA3AB-DA40-465E-B33D-662B99A3C34F}.DDraw Release|Win32.Build.0 = Release|Win32
		{CF5DA3AB-DA40-465E-B33D-662B99A3C34F}.Debug IPv6 MSR|Win32.ActiveCfg = Debug|Win32
		{CF5DA3AB-DA40-465E-B33D-662B99A3C34F}.Debug IPv6 MSR|Win32.Build.0 = Debug|Win32
		{CF5DA3AB-DA40-465E-B33D-662B99A3C34F}.Debug IPv6 Musica|Win32.ActiveCfg = Debug|Win32
		{CF5DA3AB-DA40-465E-B33D-662B99A3C34F}.Debug IPv6 Musica|Win32.Build.0 = Debug|Win32
		{CF5DA3AB-DA40-465E-B33D-662B99A3C34F}.Debug IPv6 Win2000|Win32.ActiveCfg = Debug|Win32
		{CF5DA3AB-DA40-465E-B33D-662B99A3C34F}.Debug IPv6|Win32.ActiveCfg = Debug|Win32
		{CF5DA3AB-DA40-465E-B33D-662B99A3C34F}.Debug IPv6|Win32.Build.0 = Debug|Win32
		{CF5DA3AB-DA40-465E-B33D-662B99A3C34F}.Debug|Win32.ActiveCfg = Debug|Win32
		{CF5DA3AB-DA40-465E-B33D-662B99A3C34F}.Debug|Win32.Build.0 = Debug|Win32
		{CF5DA3AB-DA40-465E-B33D-662B99A3C34F}.Release|Win32.ActiveCfg = Release|Win32
		{CF5DA3AB-DA40-465E-B33D-662B99A3C34F}.Release|Win32.Build.0 = Release|Win32
		{995D710B-FAFD-44CE-902B-0A988BB521C8}.DDraw Debug GPL tcltk84|Win32.ActiveCfg = Debug|Win32
		{995D710B-FAFD-44CE-902B-0A988BB521C8}.DDraw Debug GPL|Win32.ActiveCfg = Debug|Win32
		{995D710B-FAFD-44CE-902B-0A988BB521C8}.DDraw Debug GPL|Win32.Build.0 = Debug|Win32
		{995D710B-FAFD-44CE-902B-0A988BB521C8}.DDraw Debug tcltk84|Win32.ActiveCfg = Debug|Win32
		{995D710B-FAFD-44CE-902B-0A988BB521C8}.DDraw Debug|Win32.ActiveCfg = Release|Win32
		{995D710B-FAFD-44CE-902B-0A988BB521C8}.DDraw Debug|Win32.Build.0 = Release|Win32
		{995D710B-FAFD-44CE-902B-0A988BB521C8}.DDraw Relase GPL tcltk84|Win32.ActiveCfg = DDraw Relase GPL tcltk84|Win32
		{995D710B-FAFD-44CE-902B-0A988BB521C8}.DDraw Relase GPL tcltk84|Win32.Build.0 = DDraw Relase GPL tcltk84|Win32
		{995D710B-FAFD-44CE-902B-0A988BB521C8}.DDraw Release GPL tcltk84|Win32.ActiveCfg = Release|Win32
		{995D710B-FAFD-44CE-902B-0A988BB521C8}.DDraw Release GPL|Win32.ActiveCfg = Release|Win32
		{995D710B-FAFD-44CE-902B-0A988BB521C8}.DDraw Release GPL|Win32.Build.0 = Release|Win32
		{995D710B-FAFD-44CE-902B-0A988BB521C8}.DDraw Release tcltk84|Win32.ActiveCfg = Release|Win32
		{995D710B-FAFD-44CE-902B-0A988BB521C8}.DDraw Release|Win32.ActiveCfg = Release|Win32
		{995D710B-FAFD-44CE-902B-0A988BB521C8}.DDraw Release|Win32.Build.0 = Release|Win32
		{995D710B-FAFD-44CE-902B-0A988BB521C8}.Debug IPv6 MSR|Win32.ActiveCfg = Debug|Win32
		{995D710B-FAFD-44CE-902B-0A988BB521C8}.Debug IPv6 MSR|Win32.Build.0 = Debug|Win32
		{995D710B-FAFD-44CE-902B-0A988BB521C8}.Debug IPv6 Musica|Win32.ActiveCfg = Debug|Win32
		{995D710B-FAFD-44CE-902B-0A988BB521C8}.Debug IPv6 Musica|Win32.Build.0 = Debug|Win32
		{995D710B-FAFD-44CE-902B-0A988BB521C8}.Debug IPv6 Win2000|Win32.ActiveCfg = Debug|Win32
		{995D710B-FAFD-44CE-902B-0A988BB521C8}.Debug IPv6|Win32.ActiveCfg = Debug|Win32
		{995D710B-FAFD-44CE-902B-0A988BB521C8}.Debug IPv6|Win32.Build.0 = Debug|Win32
		{995D710B-FAFD-44CE-902B-0A988BB521C8}.Debug|Win32.ActiveCfg = Debug|Win32
		{995D710B-FAFD-44CE-902B-0A988BB521C8}.Debug|Win32.Build.0 = Debug|Win32
		{995D710B-FAFD-44CE-902B-0A988BB521C8}.Release|Win32.ActiveCfg = Release|Win32
		{995D710B-FAFD-44CE-902B-0A988BB521C8}.Release|Win32.Build.0 = Release|Win32
		{DA6E3C9F-4270-49E5-8706-4E5762BE271B}.DDraw Debug GPL tcltk84|Win32.ActiveCfg = DDraw Debug GPL tcltk84|Win32
		{DA6E3C9F-4270-49E5-8706-4E5762BE271B}.DDraw Debug GPL tcltk84|Win32.Build.0 = DDraw Debug GPL tcltk84|Win32
		{DA6E3C9F-4270-49E5-8706-4E5762BE271B}.DDraw Debug GPL|Win32.ActiveCfg = DDraw Debug GPL|Win32
		{DA6E3C9F-4270-49E5-8706-4E5762BE271B}.DDraw Debug GPL|Win32.Build.0 = DDraw Debug GPL|Win32
		{DA6E3C9F-4270-49E5-8706-4E5762BE271B}.DDraw Debug tcltk84|Win32.ActiveCfg = DDraw Debug tcltk84|Win32
		{DA6E3C9F-4270-49E5-8706-4E5762BE271B}.DDraw Debug tcltk84|Win32.Build.0 = DDraw Debug tcltk84|Win32
		{DA6E3C9F-4270-49E5-8706-4E5762BE271B}.DDraw Debug|Win32.ActiveCfg = DDraw Debug|Win32
		{DA6E3C9F-4270-49E5-8706-4E5762BE271B}.DDraw Debug|Win32.Build.0 = DDraw Debug|Win32
		{DA6E3C9F-4270-49E5-8706-4E5762BE271B}.DDraw Relase GPL tcltk84|Win32.ActiveCfg = DDraw Release GPL tcltk84|Win32
		{DA6E3C9F-4270-49E5-8706-4E5762BE271B}.DDraw Relase GPL tcltk84|Win32.Build.0 = DDraw Release GPL tcltk84|Win32
		{DA6E3C9F-4270-49E5-8706-4E5762BE271B}.DDraw Release GPL tcltk84|Win32.ActiveCfg = DDraw Release GPL tcltk84|Win32
		{DA6E3C9F-4270-49E5-8706-4E5762BE271B}.DDraw Release GPL tcltk84|Win32.Build.0 = DDraw Release GPL tcltk84|Win32
		{DA6E3C9F-4270-49E5-8706-4E5762BE271B}.DDraw Release GPL|Win32.ActiveCfg = DDraw Release GPL|Win32
		{DA6E3C9F-4270-49E5-8706-4E5762BE271B}.DDraw Release GPL|Win32.Build.0 = DDraw Release GPL|Win32
		{DA6E3C9F-4270-49E5-8706-4E5762BE271B}.DDraw Release tcltk84|Win32.ActiveCfg = DDraw Release tcltk84|Win32
		{DA6E3C9F-4270-49E5-8706-4E5762BE271B}.DDraw Release tcltk84|Win32.Build.0 = DDraw Release tcltk84|Win32
		{DA6E3C9F-4270-49E5-8706-4E5762BE271B}.DDraw Release|Win32.ActiveCfg = DDraw Release|Win32
		{DA6E3C9F-4270-49E5-8706-4E5762BE271B}.DDraw Release|Win32.Build.0 = DDraw Release|Win32
		{DA6E3C9F-4270-49E5-8706-4E5762BE271B}.Debug IPv6 MSR|Win32.ActiveCfg = Debug|Win32
		{DA6E3C9F-4270-49E5-8706-4E5762BE271B}.Debug IPv6 MSR|Win32.Build.0 = Debug|Win32
		{DA6E3C9F-4270-49E5-8706-4E5762BE271B}.Debug IPv6 Musica|Win32.ActiveCfg = Debug|Win32
		{DA6E3C9F-4270-49E5-8706-4E5762BE271B}.Debug IPv6 Musica|Win32.Build.0 = Debug|Win32
		{DA6E3C9F-4270-49E5-8706-4E5762BE271B}.Debug IPv6 Win2000|Win32.ActiveCfg = Debug|Win32
		{DA6E3C9F-4270-49E5-8706-4E5762BE271B}.Debug IPv6 Win2000|Win32.Build.0 = Debug|Win32
		{DA6E3C9F-4270-49E5-8706-4E5762BE271B}.Debug IPv6|Win32.ActiveCfg = Debug|Win32
		{DA6E3C9F-4270-49E5-8706-4E5762BE271B}.Debug IPv6|Win32.Build.0 = Debug|Win32
		{DA6E3C9F-4270-49E5-8706-4E5762BE271B}.Debug|Win32.ActiveCfg = Debug|Win32
		{DA6E3C9F-4270-49E5-8706-4E5762BE271B}.Debug|Win32.Build.0 = Debug|Win32
		{DA6E3C9F-4270-49E5-8706-4E5762BE271B}.Release|Win32.ActiveCfg = Release|Win32
		{DA6E3C9F-4270-49E5-8706-4E5762BE271B}.Release|Win32.Build.0 = Release|Win32
		{F200EA6E-B37E-41E7-A6E6-5892C0609053}.DDraw Debug GPL tcltk84|Win32.ActiveCfg = DDraw Debug GPL tcltk84|Win32
		{F200EA6E-B37E-41E7-A6E6-5892C0609053}.DDraw Debug GPL|Win32.ActiveCfg = DDraw Debug GPL tcltk84|Win32
		{F200EA6E-B37E-41E7-A6E6-5892C0609053}.DDraw Debug tcltk84|Win32.ActiveCfg = DDraw Debug tcltk84|Win32
		{F200EA6E-B37E-41E7-A6E6-5892C0609053}.DDraw Debug|Win32.ActiveCfg = DDraw Debug GPL tcltk84|Win32
		{F200EA6E-B37E-41E7-A6E6-5892C0609053}.DDraw Relase GPL tcltk84|Win32.ActiveCfg = DDraw Relase GPL tcltk84|Win32
		{F200EA6E-B37E-41E7-A6E6-5892C0609053}.DDraw Relase GPL tcltk84|Win32.Build.0 = DDraw Relase GPL tcltk84|Win32
		{F200EA6E-B37E-41E7-A6E6-5892C0609053}.DDraw Release GPL tcltk84|Win32.ActiveCfg = DDraw Release tcltk84|Win32
		{F200EA6E-B37E-41E7-A6E6-5892C0609053}.DDraw Release GPL|Win32.ActiveCfg = DDraw Release tcltk84|Win32
		{F200EA6E-B37E-41E7-A6E6-5892C0609053}.DDraw Release tcltk84|Win32.ActiveCfg = DDraw Release tcltk84|Win32
		{F200EA6E-B37E-41E7-A6E6-5892C0609053}.DDraw Release|Win32.ActiveCfg = DDraw Release tcltk84|Win32
		{F200EA6E-B37E-41E7-A6E6-5892C0609053}.Debug IPv6 MSR|Win32.ActiveCfg = Debug IPv6 MSR|Win32
		{F200EA6E-B37E-41E7-A6E6-5892C0609053}.Debug IPv6 Musica|Win32.ActiveCfg = Debug IPv6 Musica|Win32
		{F200EA6E-B37E-41E7-A6E6-5892C0609053}.Debug IPv6 Win2000|Win32.ActiveCfg = Debug IPv6 Win2000|Win32
		{F200EA6E-B37E-41E7-A6E6-5892C0609053}.Debug IPv6|Win32.ActiveCfg = Debug IPv6 Win2000|Win32
		{F200EA6E-B37E-41E7-A6E6-5892C0609053}.Debug|Win32.ActiveCfg = Debug|Win32
		{F200EA6E-B37E-41E7-A6E6-5892C0609053}.Release|Win32.ActiveCfg = Release|Win32
	EndGlobalSection
	GlobalSection(SolutionProperties) = preSolution
		HideSolutionNode = FALSE
	EndGlobalSection
EndGlobal
